
Microsoft Visual Studio Solution File, Format Version 12.00
# Visual Studio 15
VisualStudioVersion = 15.0.28307.438
MinimumVisualStudioVersion = 10.0.40219.1
Project("{E24C65DC-7377-472B-9ABA-BC803B73C61A}") = "ASP_Project", "ASP_Project\", "{78E7D7DB-E4F5-4C7B-A81B-1914DF77FF74}"
	ProjectSection(WebsiteProperties) = preProject
		TargetFrameworkMoniker = ".NETFramework,Version%3Dv4.6.1"
		Debug.AspNetCompiler.VirtualPath = "/localhost_50574"
		Debug.AspNetCompiler.PhysicalPath = "ASP_Project\"
		Debug.AspNetCompiler.TargetPath = "PrecompiledWeb\localhost_50574\"
		Debug.AspNetCompiler.Updateable = "true"
		Debug.AspNetCompiler.ForceOverwrite = "true"
		Debug.AspNetCompiler.FixedNames = "false"
		Debug.AspNetCompiler.Debug = "True"
		Release.AspNetCompiler.VirtualPath = "/localhost_50574"
		Release.AspNetCompiler.PhysicalPath = "ASP_Project\"
		Release.AspNetCompiler.TargetPath = "PrecompiledWeb\localhost_50574\"
		Release.AspNetCompiler.Updateable = "true"
		Release.AspNetCompiler.ForceOverwrite = "true"
		Release.AspNetCompiler.FixedNames = "false"
		Release.AspNetCompiler.Debug = "False"
		VWDPort = "50574"
		SlnRelativePath = "ASP_Project\"
		DefaultWebSiteLanguage = "Visual C#"
	EndProjectSection
EndProject
Global
	GlobalSection(SolutionConfigurationPlatforms) = preSolution
		Debug|Any CPU = Debug|Any CPU
	EndGlobalSection
	GlobalSection(ProjectConfigurationPlatforms) = postSolution
		{78E7D7DB-E4F5-4C7B-A81B-1914DF77FF74}.Debug|Any CPU.ActiveCfg = Debug|Any CPU
		{78E7D7DB-E4F5-4C7B-A81B-1914DF77FF74}.Debug|Any CPU.Build.0 = Debug|Any CPU
	EndGlobalSection
	GlobalSection(SolutionProperties) = preSolution
		HideSolutionNode = FALSE
	EndGlobalSection
	GlobalSection(ExtensibilityGlobals) = postSolution
		SolutionGuid = {4A4AB146-9D44-4BBE-A170-1A81FD0CA01E}
	EndGlobalSection
EndGlobal
